// !$*UTF8*$!
{
	archiveVersion = 1;
	classes = {
	};
	objectVersion = 56;
	objects = {

/* Begin PBXBuildFile section */
		045F26502AF7ED39004A4136 /* RMGetAllCharactersResponse.swift in Sources */ = {isa = PBXBuildFile; fileRef = 045F264F2AF7ED39004A4136 /* RMGetAllCharactersResponse.swift */; };
		045F26522AF7EF3C004A4136 /* RMCharacterListViewViewModel.swift in Sources */ = {isa = PBXBuildFile; fileRef = 045F26512AF7EF3C004A4136 /* RMCharacterListViewViewModel.swift */; };
		045F26542AF7EF8A004A4136 /* RMCharacterListView.swift in Sources */ = {isa = PBXBuildFile; fileRef = 045F26532AF7EF8A004A4136 /* RMCharacterListView.swift */; };
		045F26562AF8192D004A4136 /* Extensions.swift in Sources */ = {isa = PBXBuildFile; fileRef = 045F26552AF8192D004A4136 /* Extensions.swift */; };
		045F26582AF82D24004A4136 /* RMCharacterCollectionViewCell.swift in Sources */ = {isa = PBXBuildFile; fileRef = 045F26572AF82D24004A4136 /* RMCharacterCollectionViewCell.swift */; };
		045F265A2AF82E75004A4136 /* RMCharacterCollectionViewCellViewModel.swift in Sources */ = {isa = PBXBuildFile; fileRef = 045F26592AF82E75004A4136 /* RMCharacterCollectionViewCellViewModel.swift */; };
		045F265D2AF84614004A4136 /* RMCharacterDetailViewController.swift in Sources */ = {isa = PBXBuildFile; fileRef = 045F265C2AF84614004A4136 /* RMCharacterDetailViewController.swift */; };
		045F265F2AF846C7004A4136 /* RMCharacterDetailView.swift in Sources */ = {isa = PBXBuildFile; fileRef = 045F265E2AF846C7004A4136 /* RMCharacterDetailView.swift */; };
		045F26612AF846E4004A4136 /* RMCharacterDetailViewViewModel.swift in Sources */ = {isa = PBXBuildFile; fileRef = 045F26602AF846E4004A4136 /* RMCharacterDetailViewViewModel.swift */; };
		045F26632AF84B8A004A4136 /* RMFooterLoadingCollectionReusableView.swift in Sources */ = {isa = PBXBuildFile; fileRef = 045F26622AF84B8A004A4136 /* RMFooterLoadingCollectionReusableView.swift */; };
		0460F2E92B095EDA00ADF39D /* RMImageLoader.swift in Sources */ = {isa = PBXBuildFile; fileRef = 0460F2E82B095EDA00ADF39D /* RMImageLoader.swift */; };
		046899B22AF7CED8007B4F7A /* AppDelegate.swift in Sources */ = {isa = PBXBuildFile; fileRef = 046899B12AF7CED8007B4F7A /* AppDelegate.swift */; };
		046899B42AF7CED8007B4F7A /* SceneDelegate.swift in Sources */ = {isa = PBXBuildFile; fileRef = 046899B32AF7CED8007B4F7A /* SceneDelegate.swift */; };
		046899B62AF7CED8007B4F7A /* RMTabBarController.swift in Sources */ = {isa = PBXBuildFile; fileRef = 046899B52AF7CED8007B4F7A /* RMTabBarController.swift */; };
		046899BB2AF7CEDB007B4F7A /* Assets.xcassets in Resources */ = {isa = PBXBuildFile; fileRef = 046899BA2AF7CEDB007B4F7A /* Assets.xcassets */; };
		046899BE2AF7CEDB007B4F7A /* LaunchScreen.storyboard in Resources */ = {isa = PBXBuildFile; fileRef = 046899BC2AF7CEDB007B4F7A /* LaunchScreen.storyboard */; };
		046899CB2AF7D292007B4F7A /* RMLocation.swift in Sources */ = {isa = PBXBuildFile; fileRef = 046899CA2AF7D292007B4F7A /* RMLocation.swift */; };
		046899CD2AF7D29E007B4F7A /* RMCharacter.swift in Sources */ = {isa = PBXBuildFile; fileRef = 046899CC2AF7D29E007B4F7A /* RMCharacter.swift */; };
		046899CF2AF7D2AC007B4F7A /* RMEpisode.swift in Sources */ = {isa = PBXBuildFile; fileRef = 046899CE2AF7D2AC007B4F7A /* RMEpisode.swift */; };
		046899D22AF7D37E007B4F7A /* RMCharachterViewController.swift in Sources */ = {isa = PBXBuildFile; fileRef = 046899D12AF7D37E007B4F7A /* RMCharachterViewController.swift */; };
		046899D42AF7D39E007B4F7A /* RMLocationViewController.swift in Sources */ = {isa = PBXBuildFile; fileRef = 046899D32AF7D39E007B4F7A /* RMLocationViewController.swift */; };
		046899D62AF7D3BC007B4F7A /* RMEpisodeViewController.swift in Sources */ = {isa = PBXBuildFile; fileRef = 046899D52AF7D3BC007B4F7A /* RMEpisodeViewController.swift */; };
		046899D82AF7D3CD007B4F7A /* RMSettingsViewController.swift in Sources */ = {isa = PBXBuildFile; fileRef = 046899D72AF7D3CD007B4F7A /* RMSettingsViewController.swift */; };
		04DB83712AF7D7CA004579EB /* RMService.swift in Sources */ = {isa = PBXBuildFile; fileRef = 04DB83702AF7D7CA004579EB /* RMService.swift */; };
		04DB83732AF7D7D9004579EB /* RMRequest.swift in Sources */ = {isa = PBXBuildFile; fileRef = 04DB83722AF7D7D9004579EB /* RMRequest.swift */; };
		04DB83752AF7D856004579EB /* RMEndpoint.swift in Sources */ = {isa = PBXBuildFile; fileRef = 04DB83742AF7D856004579EB /* RMEndpoint.swift */; };
		04DB83782AF7D9F9004579EB /* RMOrigin.swift in Sources */ = {isa = PBXBuildFile; fileRef = 04DB83772AF7D9F9004579EB /* RMOrigin.swift */; };
		04DB837A2AF7DA49004579EB /* RMCharacterLocation.swift in Sources */ = {isa = PBXBuildFile; fileRef = 04DB83792AF7DA49004579EB /* RMCharacterLocation.swift */; };
		04DB837C2AF7DB32004579EB /* RMCharacterStatus.swift in Sources */ = {isa = PBXBuildFile; fileRef = 04DB837B2AF7DB32004579EB /* RMCharacterStatus.swift */; };
		04DB837E2AF7DB52004579EB /* RMCharacterGender.swift in Sources */ = {isa = PBXBuildFile; fileRef = 04DB837D2AF7DB52004579EB /* RMCharacterGender.swift */; };
/* End PBXBuildFile section */

/* Begin PBXFileReference section */
		045F264F2AF7ED39004A4136 /* RMGetAllCharactersResponse.swift */ = {isa = PBXFileReference; lastKnownFileType = sourcecode.swift; path = RMGetAllCharactersResponse.swift; sourceTree = "<group>"; };
		045F26512AF7EF3C004A4136 /* RMCharacterListViewViewModel.swift */ = {isa = PBXFileReference; lastKnownFileType = sourcecode.swift; path = RMCharacterListViewViewModel.swift; sourceTree = "<group>"; };
		045F26532AF7EF8A004A4136 /* RMCharacterListView.swift */ = {isa = PBXFileReference; lastKnownFileType = sourcecode.swift; path = RMCharacterListView.swift; sourceTree = "<group>"; };
		045F26552AF8192D004A4136 /* Extensions.swift */ = {isa = PBXFileReference; lastKnownFileType = sourcecode.swift; path = Extensions.swift; sourceTree = "<group>"; };
		045F26572AF82D24004A4136 /* RMCharacterCollectionViewCell.swift */ = {isa = PBXFileReference; lastKnownFileType = sourcecode.swift; path = RMCharacterCollectionViewCell.swift; sourceTree = "<group>"; };
		045F26592AF82E75004A4136 /* RMCharacterCollectionViewCellViewModel.swift */ = {isa = PBXFileReference; lastKnownFileType = sourcecode.swift; path = RMCharacterCollectionViewCellViewModel.swift; sourceTree = "<group>"; };
		045F265C2AF84614004A4136 /* RMCharacterDetailViewController.swift */ = {isa = PBXFileReference; lastKnownFileType = sourcecode.swift; path = RMCharacterDetailViewController.swift; sourceTree = "<group>"; };
		045F265E2AF846C7004A4136 /* RMCharacterDetailView.swift */ = {isa = PBXFileReference; lastKnownFileType = sourcecode.swift; path = RMCharacterDetailView.swift; sourceTree = "<group>"; };
		045F26602AF846E4004A4136 /* RMCharacterDetailViewViewModel.swift */ = {isa = PBXFileReference; lastKnownFileType = sourcecode.swift; path = RMCharacterDetailViewViewModel.swift; sourceTree = "<group>"; };
		045F26622AF84B8A004A4136 /* RMFooterLoadingCollectionReusableView.swift */ = {isa = PBXFileReference; lastKnownFileType = sourcecode.swift; path = RMFooterLoadingCollectionReusableView.swift; sourceTree = "<group>"; };
		0460F2E82B095EDA00ADF39D /* RMImageLoader.swift */ = {isa = PBXFileReference; lastKnownFileType = sourcecode.swift; path = RMImageLoader.swift; sourceTree = "<group>"; };
		046899AE2AF7CED8007B4F7A /* RickAndMorty.app */ = {isa = PBXFileReference; explicitFileType = wrapper.application; includeInIndex = 0; path = RickAndMorty.app; sourceTree = BUILT_PRODUCTS_DIR; };
		046899B12AF7CED8007B4F7A /* AppDelegate.swift */ = {isa = PBXFileReference; lastKnownFileType = sourcecode.swift; path = AppDelegate.swift; sourceTree = "<group>"; };
		046899B32AF7CED8007B4F7A /* SceneDelegate.swift */ = {isa = PBXFileReference; lastKnownFileType = sourcecode.swift; path = SceneDelegate.swift; sourceTree = "<group>"; };
		046899B52AF7CED8007B4F7A /* RMTabBarController.swift */ = {isa = PBXFileReference; lastKnownFileType = sourcecode.swift; path = RMTabBarController.swift; sourceTree = "<group>"; };
		046899BA2AF7CEDB007B4F7A /* Assets.xcassets */ = {isa = PBXFileReference; lastKnownFileType = folder.assetcatalog; path = Assets.xcassets; sourceTree = "<group>"; };
		046899BD2AF7CEDB007B4F7A /* Base */ = {isa = PBXFileReference; lastKnownFileType = file.storyboard; name = Base; path = Base.lproj/LaunchScreen.storyboard; sourceTree = "<group>"; };
		046899BF2AF7CEDB007B4F7A /* Info.plist */ = {isa = PBXFileReference; lastKnownFileType = text.plist.xml; path = Info.plist; sourceTree = "<group>"; };
		046899CA2AF7D292007B4F7A /* RMLocation.swift */ = {isa = PBXFileReference; lastKnownFileType = sourcecode.swift; path = RMLocation.swift; sourceTree = "<group>"; };
		046899CC2AF7D29E007B4F7A /* RMCharacter.swift */ = {isa = PBXFileReference; lastKnownFileType = sourcecode.swift; path = RMCharacter.swift; sourceTree = "<group>"; };
		046899CE2AF7D2AC007B4F7A /* RMEpisode.swift */ = {isa = PBXFileReference; lastKnownFileType = sourcecode.swift; path = RMEpisode.swift; sourceTree = "<group>"; };
		046899D12AF7D37E007B4F7A /* RMCharachterViewController.swift */ = {isa = PBXFileReference; lastKnownFileType = sourcecode.swift; path = RMCharachterViewController.swift; sourceTree = "<group>"; };
		046899D32AF7D39E007B4F7A /* RMLocationViewController.swift */ = {isa = PBXFileReference; lastKnownFileType = sourcecode.swift; path = RMLocationViewController.swift; sourceTree = "<group>"; };
		046899D52AF7D3BC007B4F7A /* RMEpisodeViewController.swift */ = {isa = PBXFileReference; lastKnownFileType = sourcecode.swift; path = RMEpisodeViewController.swift; sourceTree = "<group>"; };
		046899D72AF7D3CD007B4F7A /* RMSettingsViewController.swift */ = {isa = PBXFileReference; lastKnownFileType = sourcecode.swift; path = RMSettingsViewController.swift; sourceTree = "<group>"; };
		04DB83702AF7D7CA004579EB /* RMService.swift */ = {isa = PBXFileReference; lastKnownFileType = sourcecode.swift; path = RMService.swift; sourceTree = "<group>"; };
		04DB83722AF7D7D9004579EB /* RMRequest.swift */ = {isa = PBXFileReference; lastKnownFileType = sourcecode.swift; path = RMRequest.swift; sourceTree = "<group>"; };
		04DB83742AF7D856004579EB /* RMEndpoint.swift */ = {isa = PBXFileReference; lastKnownFileType = sourcecode.swift; path = RMEndpoint.swift; sourceTree = "<group>"; };
		04DB83772AF7D9F9004579EB /* RMOrigin.swift */ = {isa = PBXFileReference; lastKnownFileType = sourcecode.swift; path = RMOrigin.swift; sourceTree = "<group>"; };
		04DB83792AF7DA49004579EB /* RMCharacterLocation.swift */ = {isa = PBXFileReference; lastKnownFileType = sourcecode.swift; path = RMCharacterLocation.swift; sourceTree = "<group>"; };
		04DB837B2AF7DB32004579EB /* RMCharacterStatus.swift */ = {isa = PBXFileReference; lastKnownFileType = sourcecode.swift; path = RMCharacterStatus.swift; sourceTree = "<group>"; };
		04DB837D2AF7DB52004579EB /* RMCharacterGender.swift */ = {isa = PBXFileReference; lastKnownFileType = sourcecode.swift; path = RMCharacterGender.swift; sourceTree = "<group>"; };
/* End PBXFileReference section */

/* Begin PBXFrameworksBuildPhase section */
		046899AB2AF7CED8007B4F7A /* Frameworks */ = {
			isa = PBXFrameworksBuildPhase;
			buildActionMask = 2147483647;
			files = (
			);
			runOnlyForDeploymentPostprocessing = 0;
		};
/* End PBXFrameworksBuildPhase section */

/* Begin PBXGroup section */
		045F264D2AF7ECDD004A4136 /* DataTypes */ = {
			isa = PBXGroup;
			children = (
				046899CA2AF7D292007B4F7A /* RMLocation.swift */,
				046899CC2AF7D29E007B4F7A /* RMCharacter.swift */,
				046899CE2AF7D2AC007B4F7A /* RMEpisode.swift */,
				04DB83772AF7D9F9004579EB /* RMOrigin.swift */,
				04DB83792AF7DA49004579EB /* RMCharacterLocation.swift */,
				04DB837B2AF7DB32004579EB /* RMCharacterStatus.swift */,
				04DB837D2AF7DB52004579EB /* RMCharacterGender.swift */,
			);
			path = DataTypes;
			sourceTree = "<group>";
		};
		045F264E2AF7ED01004A4136 /* APIResponseTypes */ = {
			isa = PBXGroup;
			children = (
				045F264F2AF7ED39004A4136 /* RMGetAllCharactersResponse.swift */,
			);
			path = APIResponseTypes;
			sourceTree = "<group>";
		};
		045F265B2AF845F9004A4136 /* Other */ = {
			isa = PBXGroup;
			children = (
				045F265C2AF84614004A4136 /* RMCharacterDetailViewController.swift */,
			);
			path = Other;
			sourceTree = "<group>";
		};
		046899A52AF7CED8007B4F7A = {
			isa = PBXGroup;
			children = (
				046899B02AF7CED8007B4F7A /* RickAndMorty */,
				046899AF2AF7CED8007B4F7A /* Products */,
			);
			sourceTree = "<group>";
		};
		046899AF2AF7CED8007B4F7A /* Products */ = {
			isa = PBXGroup;
			children = (
				046899AE2AF7CED8007B4F7A /* RickAndMorty.app */,
			);
			name = Products;
			sourceTree = "<group>";
		};
		046899B02AF7CED8007B4F7A /* RickAndMorty */ = {
			isa = PBXGroup;
			children = (
				046899C92AF7D207007B4F7A /* Resources */,
				04DB83762AF7D8E4004579EB /* Managers */,
				04DB836F2AF7D7B3004579EB /* APIClient */,
				046899C82AF7D0E7007B4F7A /* ViewModels */,
				046899C72AF7D0D8007B4F7A /* Views */,
				046899C62AF7D0CC007B4F7A /* Models */,
				046899C52AF7D0BF007B4F7A /* Controllers */,
				046899BF2AF7CEDB007B4F7A /* Info.plist */,
			);
			path = RickAndMorty;
			sourceTree = "<group>";
		};
		046899C52AF7D0BF007B4F7A /* Controllers */ = {
			isa = PBXGroup;
			children = (
				045F265B2AF845F9004A4136 /* Other */,
				046899D02AF7D350007B4F7A /* Core */,
			);
			path = Controllers;
			sourceTree = "<group>";
		};
		046899C62AF7D0CC007B4F7A /* Models */ = {
			isa = PBXGroup;
			children = (
				045F264E2AF7ED01004A4136 /* APIResponseTypes */,
				045F264D2AF7ECDD004A4136 /* DataTypes */,
			);
			path = Models;
			sourceTree = "<group>";
		};
		046899C72AF7D0D8007B4F7A /* Views */ = {
			isa = PBXGroup;
			children = (
				045F26532AF7EF8A004A4136 /* RMCharacterListView.swift */,
				045F26572AF82D24004A4136 /* RMCharacterCollectionViewCell.swift */,
				045F265E2AF846C7004A4136 /* RMCharacterDetailView.swift */,
				045F26622AF84B8A004A4136 /* RMFooterLoadingCollectionReusableView.swift */,
			);
			path = Views;
			sourceTree = "<group>";
		};
		046899C82AF7D0E7007B4F7A /* ViewModels */ = {
			isa = PBXGroup;
			children = (
				045F26512AF7EF3C004A4136 /* RMCharacterListViewViewModel.swift */,
				045F26592AF82E75004A4136 /* RMCharacterCollectionViewCellViewModel.swift */,
				045F26602AF846E4004A4136 /* RMCharacterDetailViewViewModel.swift */,
			);
			path = ViewModels;
			sourceTree = "<group>";
		};
		046899C92AF7D207007B4F7A /* Resources */ = {
			isa = PBXGroup;
			children = (
				046899BA2AF7CEDB007B4F7A /* Assets.xcassets */,
				046899BC2AF7CEDB007B4F7A /* LaunchScreen.storyboard */,
				046899B12AF7CED8007B4F7A /* AppDelegate.swift */,
				046899B32AF7CED8007B4F7A /* SceneDelegate.swift */,
				045F26552AF8192D004A4136 /* Extensions.swift */,
			);
			path = Resources;
			sourceTree = "<group>";
		};
		046899D02AF7D350007B4F7A /* Core */ = {
			isa = PBXGroup;
			children = (
				046899B52AF7CED8007B4F7A /* RMTabBarController.swift */,
				046899D12AF7D37E007B4F7A /* RMCharachterViewController.swift */,
				046899D32AF7D39E007B4F7A /* RMLocationViewController.swift */,
				046899D52AF7D3BC007B4F7A /* RMEpisodeViewController.swift */,
				046899D72AF7D3CD007B4F7A /* RMSettingsViewController.swift */,
			);
			path = Core;
			sourceTree = "<group>";
		};
		04DB836F2AF7D7B3004579EB /* APIClient */ = {
			isa = PBXGroup;
			children = (
				04DB83702AF7D7CA004579EB /* RMService.swift */,
				04DB83722AF7D7D9004579EB /* RMRequest.swift */,
				04DB83742AF7D856004579EB /* RMEndpoint.swift */,
			);
			path = APIClient;
			sourceTree = "<group>";
		};
		04DB83762AF7D8E4004579EB /* Managers */ = {
			isa = PBXGroup;
			children = (
				0460F2E82B095EDA00ADF39D /* RMImageLoader.swift */,
			);
			path = Managers;
			sourceTree = "<group>";
		};
/* End PBXGroup section */

/* Begin PBXNativeTarget section */
		046899AD2AF7CED8007B4F7A /* RickAndMorty */ = {
			isa = PBXNativeTarget;
			buildConfigurationList = 046899C22AF7CEDB007B4F7A /* Build configuration list for PBXNativeTarget "RickAndMorty" */;
			buildPhases = (
				046899AA2AF7CED8007B4F7A /* Sources */,
				046899AB2AF7CED8007B4F7A /* Frameworks */,
				046899AC2AF7CED8007B4F7A /* Resources */,
			);
			buildRules = (
			);
			dependencies = (
			);
			name = RickAndMorty;
			productName = RickAndMorty;
			productReference = 046899AE2AF7CED8007B4F7A /* RickAndMorty.app */;
			productType = "com.apple.product-type.application";
		};
/* End PBXNativeTarget section */

/* Begin PBXProject section */
		046899A62AF7CED8007B4F7A /* Project object */ = {
			isa = PBXProject;
			attributes = {
				BuildIndependentTargetsInParallel = 1;
				LastSwiftUpdateCheck = 1500;
				LastUpgradeCheck = 1500;
				TargetAttributes = {
					046899AD2AF7CED8007B4F7A = {
						CreatedOnToolsVersion = 15.0.1;
					};
				};
			};
			buildConfigurationList = 046899A92AF7CED8007B4F7A /* Build configuration list for PBXProject "RickAndMorty" */;
			compatibilityVersion = "Xcode 14.0";
			developmentRegion = en;
			hasScannedForEncodings = 0;
			knownRegions = (
				en,
				Base,
			);
			mainGroup = 046899A52AF7CED8007B4F7A;
			productRefGroup = 046899AF2AF7CED8007B4F7A /* Products */;
			projectDirPath = "";
			projectRoot = "";
			targets = (
				046899AD2AF7CED8007B4F7A /* RickAndMorty */,
			);
		};
/* End PBXProject section */

/* Begin PBXResourcesBuildPhase section */
		046899AC2AF7CED8007B4F7A /* Resources */ = {
			isa = PBXResourcesBuildPhase;
			buildActionMask = 2147483647;
			files = (
				046899BE2AF7CEDB007B4F7A /* LaunchScreen.storyboard in Resources */,
				046899BB2AF7CEDB007B4F7A /* Assets.xcassets in Resources */,
			);
			runOnlyForDeploymentPostprocessing = 0;
		};
/* End PBXResourcesBuildPhase section */

/* Begin PBXSourcesBuildPhase section */
		046899AA2AF7CED8007B4F7A /* Sources */ = {
			isa = PBXSourcesBuildPhase;
			buildActionMask = 2147483647;
			files = (
				04DB83782AF7D9F9004579EB /* RMOrigin.swift in Sources */,
				045F26612AF846E4004A4136 /* RMCharacterDetailViewViewModel.swift in Sources */,
				046899CF2AF7D2AC007B4F7A /* RMEpisode.swift in Sources */,
				045F26502AF7ED39004A4136 /* RMGetAllCharactersResponse.swift in Sources */,
				04DB837C2AF7DB32004579EB /* RMCharacterStatus.swift in Sources */,
				04DB837E2AF7DB52004579EB /* RMCharacterGender.swift in Sources */,
				046899D22AF7D37E007B4F7A /* RMCharachterViewController.swift in Sources */,
				04DB837A2AF7DA49004579EB /* RMCharacterLocation.swift in Sources */,
				045F26632AF84B8A004A4136 /* RMFooterLoadingCollectionReusableView.swift in Sources */,
				046899B62AF7CED8007B4F7A /* RMTabBarController.swift in Sources */,
				046899D62AF7D3BC007B4F7A /* RMEpisodeViewController.swift in Sources */,
				045F26582AF82D24004A4136 /* RMCharacterCollectionViewCell.swift in Sources */,
				045F26522AF7EF3C004A4136 /* RMCharacterListViewViewModel.swift in Sources */,
				046899B22AF7CED8007B4F7A /* AppDelegate.swift in Sources */,
				0460F2E92B095EDA00ADF39D /* RMImageLoader.swift in Sources */,
				046899D42AF7D39E007B4F7A /* RMLocationViewController.swift in Sources */,
				045F265D2AF84614004A4136 /* RMCharacterDetailViewController.swift in Sources */,
				046899D82AF7D3CD007B4F7A /* RMSettingsViewController.swift in Sources */,
				045F26562AF8192D004A4136 /* Extensions.swift in Sources */,
				04DB83712AF7D7CA004579EB /* RMService.swift in Sources */,
				046899B42AF7CED8007B4F7A /* SceneDelegate.swift in Sources */,
				045F26542AF7EF8A004A4136 /* RMCharacterListView.swift in Sources */,
				04DB83752AF7D856004579EB /* RMEndpoint.swift in Sources */,
				045F265A2AF82E75004A4136 /* RMCharacterCollectionViewCellViewModel.swift in Sources */,
				046899CB2AF7D292007B4F7A /* RMLocation.swift in Sources */,
				04DB83732AF7D7D9004579EB /* RMRequest.swift in Sources */,
				046899CD2AF7D29E007B4F7A /* RMCharacter.swift in Sources */,
				045F265F2AF846C7004A4136 /* RMCharacterDetailView.swift in Sources */,
			);
			runOnlyForDeploymentPostprocessing = 0;
		};
/* End PBXSourcesBuildPhase section */

/* Begin PBXVariantGroup section */
		046899BC2AF7CEDB007B4F7A /* LaunchScreen.storyboard */ = {
			isa = PBXVariantGroup;
			children = (
				046899BD2AF7CEDB007B4F7A /* Base */,
			);
			name = LaunchScreen.storyboard;
			sourceTree = "<group>";
		};
/* End PBXVariantGroup section */

/* Begin XCBuildConfiguration section */
		046899C02AF7CEDB007B4F7A /* Debug */ = {
			isa = XCBuildConfiguration;
			buildSettings = {
				ALWAYS_SEARCH_USER_PATHS = NO;
				ASSETCATALOG_COMPILER_GENERATE_SWIFT_ASSET_SYMBOL_EXTENSIONS = YES;
				CLANG_ANALYZER_NONNULL = YES;
				CLANG_ANALYZER_NUMBER_OBJECT_CONVERSION = YES_AGGRESSIVE;
				CLANG_CXX_LANGUAGE_STANDARD = "gnu++20";
				CLANG_ENABLE_MODULES = YES;
				CLANG_ENABLE_OBJC_ARC = YES;
				CLANG_ENABLE_OBJC_WEAK = YES;
				CLANG_WARN_BLOCK_CAPTURE_AUTORELEASING = YES;
				CLANG_WARN_BOOL_CONVERSION = YES;
				CLANG_WARN_COMMA = YES;
				CLANG_WARN_CONSTANT_CONVERSION = YES;
				CLANG_WARN_DEPRECATED_OBJC_IMPLEMENTATIONS = YES;
				CLANG_WARN_DIRECT_OBJC_ISA_USAGE = YES_ERROR;
				CLANG_WARN_DOCUMENTATION_COMMENTS = YES;
				CLANG_WARN_EMPTY_BODY = YES;
				CLANG_WARN_ENUM_CONVERSION = YES;
				CLANG_WARN_INFINITE_RECURSION = YES;
				CLANG_WARN_INT_CONVERSION = YES;
				CLANG_WARN_NON_LITERAL_NULL_CONVERSION = YES;
				CLANG_WARN_OBJC_IMPLICIT_RETAIN_SELF = YES;
				CLANG_WARN_OBJC_LITERAL_CONVERSION = YES;
				CLANG_WARN_OBJC_ROOT_CLASS = YES_ERROR;
				CLANG_WARN_QUOTED_INCLUDE_IN_FRAMEWORK_HEADER = YES;
				CLANG_WARN_RANGE_LOOP_ANALYSIS = YES;
				CLANG_WARN_STRICT_PROTOTYPES = YES;
				CLANG_WARN_SUSPICIOUS_MOVE = YES;
				CLANG_WARN_UNGUARDED_AVAILABILITY = YES_AGGRESSIVE;
				CLANG_WARN_UNREACHABLE_CODE = YES;
				CLANG_WARN__DUPLICATE_METHOD_MATCH = YES;
				COPY_PHASE_STRIP = NO;
				DEBUG_INFORMATION_FORMAT = dwarf;
				ENABLE_STRICT_OBJC_MSGSEND = YES;
				ENABLE_TESTABILITY = YES;
				ENABLE_USER_SCRIPT_SANDBOXING = YES;
				GCC_C_LANGUAGE_STANDARD = gnu17;
				GCC_DYNAMIC_NO_PIC = NO;
				GCC_NO_COMMON_BLOCKS = YES;
				GCC_OPTIMIZATION_LEVEL = 0;
				GCC_PREPROCESSOR_DEFINITIONS = (
					"DEBUG=1",
					"$(inherited)",
				);
				GCC_WARN_64_TO_32_BIT_CONVERSION = YES;
				GCC_WARN_ABOUT_RETURN_TYPE = YES_ERROR;
				GCC_WARN_UNDECLARED_SELECTOR = YES;
				GCC_WARN_UNINITIALIZED_AUTOS = YES_AGGRESSIVE;
				GCC_WARN_UNUSED_FUNCTION = YES;
				GCC_WARN_UNUSED_VARIABLE = YES;
				IPHONEOS_DEPLOYMENT_TARGET = 17.0;
				LOCALIZATION_PREFERS_STRING_CATALOGS = YES;
				MTL_ENABLE_DEBUG_INFO = INCLUDE_SOURCE;
				MTL_FAST_MATH = YES;
				ONLY_ACTIVE_ARCH = YES;
				SDKROOT = iphoneos;
				SWIFT_ACTIVE_COMPILATION_CONDITIONS = "DEBUG $(inherited)";
				SWIFT_OPTIMIZATION_LEVEL = "-Onone";
			};
			name = Debug;
		};
		046899C12AF7CEDB007B4F7A /* Release */ = {
			isa = XCBuildConfiguration;
			buildSettings = {
				ALWAYS_SEARCH_USER_PATHS = NO;
				ASSETCATALOG_COMPILER_GENERATE_SWIFT_ASSET_SYMBOL_EXTENSIONS = YES;
				CLANG_ANALYZER_NONNULL = YES;
				CLANG_ANALYZER_NUMBER_OBJECT_CONVERSION = YES_AGGRESSIVE;
				CLANG_CXX_LANGUAGE_STANDARD = "gnu++20";
				CLANG_ENABLE_MODULES = YES;
				CLANG_ENABLE_OBJC_ARC = YES;
				CLANG_ENABLE_OBJC_WEAK = YES;
				CLANG_WARN_BLOCK_CAPTURE_AUTORELEASING = YES;
				CLANG_WARN_BOOL_CONVERSION = YES;
				CLANG_WARN_COMMA = YES;
				CLANG_WARN_CONSTANT_CONVERSION = YES;
				CLANG_WARN_DEPRECATED_OBJC_IMPLEMENTATIONS = YES;
				CLANG_WARN_DIRECT_OBJC_ISA_USAGE = YES_ERROR;
				CLANG_WARN_DOCUMENTATION_COMMENTS = YES;
				CLANG_WARN_EMPTY_BODY = YES;
				CLANG_WARN_ENUM_CONVERSION = YES;
				CLANG_WARN_INFINITE_RECURSION = YES;
				CLANG_WARN_INT_CONVERSION = YES;
				CLANG_WARN_NON_LITERAL_NULL_CONVERSION = YES;
				CLANG_WARN_OBJC_IMPLICIT_RETAIN_SELF = YES;
				CLANG_WARN_OBJC_LITERAL_CONVERSION = YES;
				CLANG_WARN_OBJC_ROOT_CLASS = YES_ERROR;
				CLANG_WARN_QUOTED_INCLUDE_IN_FRAMEWORK_HEADER = YES;
				CLANG_WARN_RANGE_LOOP_ANALYSIS = YES;
				CLANG_WARN_STRICT_PROTOTYPES = YES;
				CLANG_WARN_SUSPICIOUS_MOVE = YES;
				CLANG_WARN_UNGUARDED_AVAILABILITY = YES_AGGRESSIVE;
				CLANG_WARN_UNREACHABLE_CODE = YES;
				CLANG_WARN__DUPLICATE_METHOD_MATCH = YES;
				COPY_PHASE_STRIP = NO;
				DEBUG_INFORMATION_FORMAT = "dwarf-with-dsym";
				ENABLE_NS_ASSERTIONS = NO;
				ENABLE_STRICT_OBJC_MSGSEND = YES;
				ENABLE_USER_SCRIPT_SANDBOXING = YES;
				GCC_C_LANGUAGE_STANDARD = gnu17;
				GCC_NO_COMMON_BLOCKS = YES;
				GCC_WARN_64_TO_32_BIT_CONVERSION = YES;
				GCC_WARN_ABOUT_RETURN_TYPE = YES_ERROR;
				GCC_WARN_UNDECLARED_SELECTOR = YES;
				GCC_WARN_UNINITIALIZED_AUTOS = YES_AGGRESSIVE;
				GCC_WARN_UNUSED_FUNCTION = YES;
				GCC_WARN_UNUSED_VARIABLE = YES;
				IPHONEOS_DEPLOYMENT_TARGET = 17.0;
				LOCALIZATION_PREFERS_STRING_CATALOGS = YES;
				MTL_ENABLE_DEBUG_INFO = NO;
				MTL_FAST_MATH = YES;
				SDKROOT = iphoneos;
				SWIFT_COMPILATION_MODE = wholemodule;
				VALIDATE_PRODUCT = YES;
			};
			name = Release;
		};
		046899C32AF7CEDB007B4F7A /* Debug */ = {
			isa = XCBuildConfiguration;
			buildSettings = {
				ASSETCATALOG_COMPILER_APPICON_NAME = AppIcon;
				ASSETCATALOG_COMPILER_GLOBAL_ACCENT_COLOR_NAME = AccentColor;
				CODE_SIGN_STYLE = Automatic;
				CURRENT_PROJECT_VERSION = 1;
				DEVELOPMENT_TEAM = QN6UQ3QDA2;
				GENERATE_INFOPLIST_FILE = YES;
				INFOPLIST_FILE = RickAndMorty/Info.plist;
				INFOPLIST_KEY_UIApplicationSupportsIndirectInputEvents = YES;
				INFOPLIST_KEY_UILaunchStoryboardName = LaunchScreen;
				INFOPLIST_KEY_UISupportedInterfaceOrientations_iPad = "UIInterfaceOrientationPortrait UIInterfaceOrientationPortraitUpsideDown UIInterfaceOrientationLandscapeLeft UIInterfaceOrientationLandscapeRight";
				INFOPLIST_KEY_UISupportedInterfaceOrientations_iPhone = "UIInterfaceOrientationPortrait UIInterfaceOrientationLandscapeLeft UIInterfaceOrientationLandscapeRight";
				IPHONEOS_DEPLOYMENT_TARGET = 16.2;
				LD_RUNPATH_SEARCH_PATHS = (
					"$(inherited)",
					"@executable_path/Frameworks",
				);
				MARKETING_VERSION = 1.0;
				PRODUCT_BUNDLE_IDENTIFIER = okkostenko.RickAndMorty;
				PRODUCT_NAME = "$(TARGET_NAME)";
				SWIFT_EMIT_LOC_STRINGS = YES;
				SWIFT_VERSION = 5.0;
				TARGETED_DEVICE_FAMILY = "1,2";
			};
			name = Debug;
		};
		046899C42AF7CEDB007B4F7A /* Release */ = {
			isa = XCBuildConfiguration;
			buildSettings = {
				ASSETCATALOG_COMPILER_APPICON_NAME = AppIcon;
				ASSETCATALOG_COMPILER_GLOBAL_ACCENT_COLOR_NAME = AccentColor;
				CODE_SIGN_STYLE = Automatic;
				CURRENT_PROJECT_VERSION = 1;
				DEVELOPMENT_TEAM = QN6UQ3QDA2;
				GENERATE_INFOPLIST_FILE = YES;
				INFOPLIST_FILE = RickAndMorty/Info.plist;
				INFOPLIST_KEY_UIApplicationSupportsIndirectInputEvents = YES;
				INFOPLIST_KEY_UILaunchStoryboardName = LaunchScreen;
				INFOPLIST_KEY_UISupportedInterfaceOrientations_iPad = "UIInterfaceOrientationPortrait UIInterfaceOrientationPortraitUpsideDown UIInterfaceOrientationLandscapeLeft UIInterfaceOrientationLandscapeRight";
				INFOPLIST_KEY_UISupportedInterfaceOrientations_iPhone = "UIInterfaceOrientationPortrait UIInterfaceOrientationLandscapeLeft UIInterfaceOrientationLandscapeRight";
				IPHONEOS_DEPLOYMENT_TARGET = 16.2;
				LD_RUNPATH_SEARCH_PATHS = (
					"$(inherited)",
					"@executable_path/Frameworks",
				);
				MARKETING_VERSION = 1.0;
				PRODUCT_BUNDLE_IDENTIFIER = okkostenko.RickAndMorty;
				PRODUCT_NAME = "$(TARGET_NAME)";
				SWIFT_EMIT_LOC_STRINGS = YES;
				SWIFT_VERSION = 5.0;
				TARGETED_DEVICE_FAMILY = "1,2";
			};
			name = Release;
		};
/* End XCBuildConfiguration section */

/* Begin XCConfigurationList section */
		046899A92AF7CED8007B4F7A /* Build configuration list for PBXProject "RickAndMorty" */ = {
			isa = XCConfigurationList;
			buildConfigurations = (
				046899C02AF7CEDB007B4F7A /* Debug */,
				046899C12AF7CEDB007B4F7A /* Release */,
			);
			defaultConfigurationIsVisible = 0;
			defaultConfigurationName = Release;
		};
		046899C22AF7CEDB007B4F7A /* Build configuration list for PBXNativeTarget "RickAndMorty" */ = {
			isa = XCConfigurationList;
			buildConfigurations = (
				046899C32AF7CEDB007B4F7A /* Debug */,
				046899C42AF7CEDB007B4F7A /* Release */,
			);
			defaultConfigurationIsVisible = 0;
			defaultConfigurationName = Release;
		};
/* End XCConfigurationList section */
	};
	rootObject = 046899A62AF7CED8007B4F7A /* Project object */;
}
